
Microsoft Visual Studio Solution File, Format Version 12.00
# Visual Studio Version 17
VisualStudioVersion = 17.0.32014.148
MinimumVisualStudioVersion = 10.0.40219.1
Project("{FAE04EC0-301F-11D3-BF4B-00C04F79EFBC}") = "Shedule", "Shedule\Shedule.csproj", "{96287466-23F4-4F23-BF15-8A333D42E1B1}"
EndProject
Project("{FAE04EC0-301F-11D3-BF4B-00C04F79EFBC}") = "GenData", "GenData\GenData.csproj", "{D9E239A5-FD62-45FC-BC8E-2ED5D0174DF0}"
EndProject
Global
	GlobalSection(SolutionConfigurationPlatforms) = preSolution
		Debug|Any CPU = Debug|Any CPU
		Release|Any CPU = Release|Any CPU
	EndGlobalSection
	GlobalSection(ProjectConfigurationPlatforms) = postSolution
		{96287466-23F4-4F23-BF15-8A333D42E1B1}.Debug|Any CPU.ActiveCfg = Debug|Any CPU
		{96287466-23F4-4F23-BF15-8A333D42E1B1}.Debug|Any CPU.Build.0 = Debug|Any CPU
		{96287466-23F4-4F23-BF15-8A333D42E1B1}.Release|Any CPU.ActiveCfg = Release|Any CPU
		{96287466-23F4-4F23-BF15-8A333D42E1B1}.Release|Any CPU.Build.0 = Release|Any CPU
		{D9E239A5-FD62-45FC-BC8E-2ED5D0174DF0}.Debug|Any CPU.ActiveCfg = Debug|Any CPU
		{D9E239A5-FD62-45FC-BC8E-2ED5D0174DF0}.Debug|Any CPU.Build.0 = Debug|Any CPU
		{D9E239A5-FD62-45FC-BC8E-2ED5D0174DF0}.Release|Any CPU.ActiveCfg = Release|Any CPU
		{D9E239A5-FD62-45FC-BC8E-2ED5D0174DF0}.Release|Any CPU.Build.0 = Release|Any CPU
	EndGlobalSection
	GlobalSection(SolutionProperties) = preSolution
		HideSolutionNode = FALSE
	EndGlobalSection
	GlobalSection(ExtensibilityGlobals) = postSolution
		SolutionGuid = {4DA26253-8B59-41F6-921B-CC0FEE834C1B}
	EndGlobalSection
EndGlobal
